PODS:
  - HPTextViewTapGestureRecognizer (0.1)
  - Reachability (3.2)
  - SMCoreLib (1.0.0):
    - HPTextViewTapGestureRecognizer (~> 0.1)
    - Reachability
    - SwiftyBeaver
  - SwiftyBeaver (1.4.0)

DEPENDENCIES:
  - SMCoreLib (from `../`)

EXTERNAL SOURCES:
  SMCoreLib:
    :path: ../

SPEC CHECKSUMS:
  HPTextViewTapGestureRecognizer: 6a73fd09f858e49a2743c3a338dc5c0791b0fae0
  Reachability: 33e18b67625424e47b6cde6d202dce689ad7af96
  SMCoreLib: dce32b0661ec2f376e95ae6685307a490351c35c
  SwiftyBeaver: 78d9186ce7595b4400ce01e5fd750d263e72dd7b

PODFILE CHECKSUM: db0417f4c510bb8e6d3b5ce704ff47ea28daadb9

COCOAPODS: 1.3.1
